
Microsoft Visual Studio Solution File, Format Version 12.00
# Visual Studio 2012
Project("{FAE04EC0-301F-11D3-BF4B-00C04F79EFBC}") = "TestingFrameworkCore", "TestingFrameworkCore\TestingFrameworkCore.csproj", "{B75AC99D-951E-4391-9A2F-936E6D155CCB}"
EndProject
Project("{FAE04EC0-301F-11D3-BF4B-00C04F79EFBC}") = "MockCustomerImplementation", "MockCustomerImplementation\MockCustomerImplementation.csproj", "{6281540E-35D0-4A61-9F09-B749BCB2D7A9}"
EndProject
Project("{FAE04EC0-301F-11D3-BF4B-00C04F79EFBC}") = "TestingFrameworkTemplates", "TestingFrameworkTemplates\TestingFrameworkTemplates.csproj", "{EF0BFAFC-DCFD-457E-96FE-8DB5563DBD52}"
EndProject
Global
	GlobalSection(SolutionConfigurationPlatforms) = preSolution
		Debug|Any CPU = Debug|Any CPU
		Release|Any CPU = Release|Any CPU
	EndGlobalSection
	GlobalSection(ProjectConfigurationPlatforms) = postSolution
		{B75AC99D-951E-4391-9A2F-936E6D155CCB}.Debug|Any CPU.ActiveCfg = Debug|Any CPU
		{B75AC99D-951E-4391-9A2F-936E6D155CCB}.Debug|Any CPU.Build.0 = Debug|Any CPU
		{B75AC99D-951E-4391-9A2F-936E6D155CCB}.Release|Any CPU.ActiveCfg = Release|Any CPU
		{B75AC99D-951E-4391-9A2F-936E6D155CCB}.Release|Any CPU.Build.0 = Release|Any CPU
		{6281540E-35D0-4A61-9F09-B749BCB2D7A9}.Debug|Any CPU.ActiveCfg = Debug|Any CPU
		{6281540E-35D0-4A61-9F09-B749BCB2D7A9}.Debug|Any CPU.Build.0 = Debug|Any CPU
		{6281540E-35D0-4A61-9F09-B749BCB2D7A9}.Release|Any CPU.ActiveCfg = Release|Any CPU
		{6281540E-35D0-4A61-9F09-B749BCB2D7A9}.Release|Any CPU.Build.0 = Release|Any CPU
		{EF0BFAFC-DCFD-457E-96FE-8DB5563DBD52}.Debug|Any CPU.ActiveCfg = Debug|Any CPU
		{EF0BFAFC-DCFD-457E-96FE-8DB5563DBD52}.Debug|Any CPU.Build.0 = Debug|Any CPU
		{EF0BFAFC-DCFD-457E-96FE-8DB5563DBD52}.Release|Any CPU.ActiveCfg = Release|Any CPU
		{EF0BFAFC-DCFD-457E-96FE-8DB5563DBD52}.Release|Any CPU.Build.0 = Release|Any CPU
	EndGlobalSection
	GlobalSection(SolutionProperties) = preSolution
		HideSolutionNode = FALSE
	EndGlobalSection
EndGlobal
